
Microsoft Visual Studio Solution File, Format Version 12.00
Project("{FAE04EC0-301F-11D3-BF4B-00C04F79EFBC}") = "App1", "App1.csproj", "{161822C6-14B8-4C80-ADF0-9478E3805EAE}"
EndProject
Global
	GlobalSection(SolutionConfigurationPlatforms) = preSolution
		Debug|Any CPU = Debug|Any CPU
		Release|Any CPU = Release|Any CPU
	EndGlobalSection
	GlobalSection(ProjectConfigurationPlatforms) = postSolution
		{161822C6-14B8-4C80-ADF0-9478E3805EAE}.Debug|Any CPU.ActiveCfg = Debug|Any CPU
		{161822C6-14B8-4C80-ADF0-9478E3805EAE}.Debug|Any CPU.Build.0 = Debug|Any CPU
		{161822C6-14B8-4C80-ADF0-9478E3805EAE}.Release|Any CPU.ActiveCfg = Release|Any CPU
		{161822C6-14B8-4C80-ADF0-9478E3805EAE}.Release|Any CPU.Build.0 = Release|Any CPU
	EndGlobalSection
EndGlobal
